
Microsoft Visual Studio Solution File, Format Version 12.00
# Visual Studio Version 17
VisualStudioVersion = 17.4.33403.182
MinimumVisualStudioVersion = 10.0.40219.1
Project("{FAE04EC0-301F-11D3-BF4B-00C04F79EFBC}") = "AnarchyInHospital", "AnarchyInHospital\AnarchyInHospital.csproj", "{FB3BC8A2-E5F2-44F5-820C-773A4A2B70BA}"
EndProject
Global
	GlobalSection(SolutionConfigurationPlatforms) = preSolution
		Debug|Any CPU = Debug|Any CPU
		Release|Any CPU = Release|Any CPU
	EndGlobalSection
	GlobalSection(ProjectConfigurationPlatforms) = postSolution
		{FB3BC8A2-E5F2-44F5-820C-773A4A2B70BA}.Debug|Any CPU.ActiveCfg = Debug|Any CPU
		{FB3BC8A2-E5F2-44F5-820C-773A4A2B70BA}.Debug|Any CPU.Build.0 = Debug|Any CPU
		{FB3BC8A2-E5F2-44F5-820C-773A4A2B70BA}.Release|Any CPU.ActiveCfg = Release|Any CPU
		{FB3BC8A2-E5F2-44F5-820C-773A4A2B70BA}.Release|Any CPU.Build.0 = Release|Any CPU
	EndGlobalSection
	GlobalSection(SolutionProperties) = preSolution
		HideSolutionNode = FALSE
	EndGlobalSection
	GlobalSection(ExtensibilityGlobals) = postSolution
		SolutionGuid = {516C60A5-231D-46C3-84DB-46F7055392B6}
	EndGlobalSection
EndGlobal
